{
	"name": "@crnk/angular-ngrx",
	"version": "0.0.0",
	"lockfileVersion": 1,
	"requires": true,
	"dependencies": {
		"@angular/animations": {
			"version": "5.1.0",
			"resolved": "https://registry.npmjs.org/@angular/animations/-/animations-5.1.0.tgz",
			"integrity": "sha512-s0tV6y2D16CQAcXjv8CN8AahHb+LoWm9KAUkxvSJ18ZZQweuAY4T8jlRB95ODRFFKfjwyRD9HqXKUC5yHmG9ww==",
			"dev": true
		},
		"@angular/common": {
			"version": "5.1.0",
			"resolved": "https://registry.npmjs.org/@angular/common/-/common-5.1.0.tgz",
			"integrity": "sha512-J6E0OfTJJGcyoKU51ZucsDFV40YEAPgP6VCIPYECgOFHxrqg6O1ZFZSD1fdviMXMLVEFCi6Fy6IB7GJyiWgDIA==",
			"dev": true
		},
		"@angular/compiler": {
			"version": "5.1.0",
			"resolved": "https://registry.npmjs.org/@angular/compiler/-/compiler-5.1.0.tgz",
			"integrity": "sha512-iyFQqmhKNRSc9JRx7ty6z/wCsypjpbRu0QR6q2LMa6imuCt9qLHOvTajBQExRB8guqd/LTVDG4WiYY1lf8iO2w==",
			"dev": true
		},
		"@angular/compiler-cli": {
			"version": "5.1.0",
			"resolved": "https://registry.npmjs.org/@angular/compiler-cli/-/compiler-cli-5.1.0.tgz",
			"integrity": "sha512-M1//TjgcckkwTMeGTRe7mvFY+00NxaLqlsObnGA9+R3T9cpWeLpy5iVD444Wdxl5MA/Bo3TgGNmeXZsJvh466w==",
			"dev": true
		},
		"@angular/core": {
			"version": "11.0.5",
			"resolved": "https://registry.npmjs.org/@angular/core/-/core-11.0.5.tgz",
			"integrity": "sha512-XAXWQi7R3ucZXQwx9QK5jSKJeQyRJ53u2dQDpr7R5stzeCy1a5hrNOkZLg9zOTTPcth/6+FrOrRZP9SMdxtw3w==",
			"dev": true,
			"requires": {
				"tslib": "^2.0.0"
			}
		},
		"@angular/forms": {
			"version": "5.1.0",
			"resolved": "https://registry.npmjs.org/@angular/forms/-/forms-5.1.0.tgz",
			"integrity": "sha512-2sJqtMht/6vbFg6HwFs0MX4pRhgLt7h2pa6oTH4oBoQ2UF67jCuq4cMljDm9SVxrGw0Q83+/eBk3ER4QnKk48Q==",
			"dev": true
		},
		"@angular/http": {
			"version": "5.1.0",
			"resolved": "https://registry.npmjs.org/@angular/http/-/http-5.1.0.tgz",
			"integrity": "sha512-ltSs52OYnWZJEnbxtHoN5LQiH/37F3GxN6iL0TsQdSlw8HzrdcdbmebKlCpfXwhgcgZC48KWbKSaOs5/xVurfQ==",
			"dev": true
		},
		"@angular/platform-browser": {
			"version": "5.1.0",
			"resolved": "https://registry.npmjs.org/@angular/platform-browser/-/platform-browser-5.1.0.tgz",
			"integrity": "sha512-8aeppeASwQv4Fj3B8KBiFHQrKPrwA328AEhlH/HnggCvt0CFffIs2PSqzJBwnOfFWvhFZk020W51B8jrHLQyoQ==",
			"dev": true
		},
		"@angular/platform-browser-dynamic": {
			"version": "5.1.0",
			"resolved": "https://registry.npmjs.org/@angular/platform-browser-dynamic/-/platform-browser-dynamic-5.1.0.tgz",
			"integrity": "sha512-f6Iv4NCYQwBkNeyInZzja8pg0nfUOrxx5H5rEvr0J1bwag2eDofGVPOftha7LDOLVALVOQQiXQBePATMNLB85g==",
			"dev": true
		},
		"@angular/platform-server": {
			"version": "5.1.0",
			"resolved": "https://registry.npmjs.org/@angular/platform-server/-/platform-server-5.1.0.tgz",
			"integrity": "sha512-A81lS8nXEPoR7lRc0n1Up3AKWLcV6t504wnUbgZiwvAUZ2G/LFMnestR1hyOA3jxOFzZ9IhqHQ+fQyqhACMdpA==",
			"dev": true
		},
		"@angular/router": {
			"version": "5.1.0",
			"resolved": "https://registry.npmjs.org/@angular/router/-/router-5.1.0.tgz",
			"integrity": "sha512-CtOwqeo1IUk4kUs+tUggkYFmuu2fPTZ1G/GP7YK6gd3Jr9OtkMFB7wkmnd5YcaYo3wVeYkJWZdJQAvj6OakMww==",
			"dev": true
		},
		"@ngrx/effects": {
			"version": "7.4.0",
			"resolved": "https://registry.npmjs.org/@ngrx/effects/-/effects-7.4.0.tgz",
			"integrity": "sha512-YjgB17WnLCBDPjAkHduKWsLFSGLZryPaTjY3EIvMF+WTRPDlgC5SAv2n7p3YIei6g6IYcEvOwLWBqZHFUXTgBw==",
			"dev": true
		},
		"@ngrx/router-store": {
			"version": "7.4.0",
			"resolved": "https://registry.npmjs.org/@ngrx/router-store/-/router-store-7.4.0.tgz",
			"integrity": "sha512-ZpwTO1/ha3pxO7NV3jIfnwipBN1A719IjAOgrcmI8Ut06VH3HY/7JVFTkwLN/FyuHvl4EOlAVYmMAblmrymUWA==",
			"dev": true
		},
		"@ngrx/store": {
			"version": "7.4.0",
			"resolved": "https://registry.npmjs.org/@ngrx/store/-/store-7.4.0.tgz",
			"integrity": "sha512-kwTUHgfgBeAL4RQBjZO46z9v4Xzg8PXAgY4WwXdt3zUk1tF4ZvijMleFvFRUoiJJfxF/UM6jgIZ/yGrX2dXQuA==",
			"dev": true
		},
		"@types/jasmine": {
			"version": "2.8.2",
			"resolved": "https://registry.npmjs.org/@types/jasmine/-/jasmine-2.8.2.tgz",
			"integrity": "sha512-RabEJPjYMpjWqW1qYj4k0rlgP5uzyguoc0yxedJdq7t5h19MYvqhjCR1evM3raZ/peHRxp1Qfl24iawvkibSug==",
			"dev": true
		},
		"@types/lodash": {
			"version": "4.14.61",
			"resolved": "https://registry.npmjs.org/@types/lodash/-/lodash-4.14.61.tgz",
			"integrity": "sha1-BRjBCAWx+dIfmPgrExGsKm7HWJI=",
			"dev": true
		},
		"@types/node": {
			"version": "6.0.41",
			"resolved": "https://registry.npmjs.org/@types/node/-/node-6.0.41.tgz",
			"integrity": "sha1-V4z1Oq7GWIe8rxZ5L4ciky6P+Oo=",
			"dev": true
		},
		"@types/source-map": {
			"version": "0.1.26",
			"resolved": "https://registry.npmjs.org/@types/source-map/-/source-map-0.1.26.tgz",
			"integrity": "sha1-6Ugk/wyMkR4zq/xUbg1Zu8qKvS4=",
			"dev": true
		},
		"codelyzer": {
			"version": "4.0.2",
			"resolved": "https://registry.npmjs.org/codelyzer/-/codelyzer-4.0.2.tgz",
			"integrity": "sha512-nYwOr49+IV09e7C4aXkVALRz0+XpHqZiUUcxHuDZH4xP1FBcHINyr3qvVhv5Gfm7XRmoLx32tsIhrQhW/gBcog==",
			"dev": true
		},
		"coveralls": {
			"version": "2.11.15",
			"resolved": "https://registry.npmjs.org/coveralls/-/coveralls-2.11.15.tgz",
			"integrity": "sha1-N9NHQ2nWbBTzP6c6nSXO5uCZ/KA=",
			"dev": true
		},
		"jasmine-core": {
			"version": "2.6.4",
			"resolved": "https://registry.npmjs.org/jasmine-core/-/jasmine-core-2.6.4.tgz",
			"integrity": "sha1-3skmzQqfoof7bbXHVfpIfnTOysU=",
			"dev": true
		},
		"jasmine-marbles": {
			"version": "0.1.0",
			"resolved": "https://registry.npmjs.org/jasmine-marbles/-/jasmine-marbles-0.1.0.tgz",
			"integrity": "sha1-yezcZOILbPVbSaECAaW+M5B9rcw=",
			"dev": true
		},
		"jasmine-reporters": {
			"version": "2.2.1",
			"resolved": "https://registry.npmjs.org/jasmine-reporters/-/jasmine-reporters-2.2.1.tgz",
			"integrity": "sha1-3pqSATZ4RiaefKit/1tEIhZx/L0=",
			"dev": true
		},
		"jasmine-spec-reporter": {
			"version": "4.1.1",
			"resolved": "https://registry.npmjs.org/jasmine-spec-reporter/-/jasmine-spec-reporter-4.1.1.tgz",
			"integrity": "sha1-Wm1Yq11hvqcwn7wnkjlRF1axtYg=",
			"dev": true
		},
		"karma": {
			"version": "1.7.1",
			"resolved": "https://registry.npmjs.org/karma/-/karma-1.7.1.tgz",
			"integrity": "sha512-k5pBjHDhmkdaUccnC7gE3mBzZjcxyxYsYVaqiL2G5AqlfLyBO5nw2VdNK+O16cveEPd/gIOWULH7gkiYYwVNHg==",
			"dev": true,
			"dependencies": {
				"lodash": {
					"version": "3.10.1",
					"resolved": "https://registry.npmjs.org/lodash/-/lodash-3.10.1.tgz",
					"integrity": "sha1-W/Rejkm6QYnhfUgnid/RW9FAt7Y="
				},
				"rimraf": {
					"version": "2.6.2",
					"resolved": "https://registry.npmjs.org/rimraf/-/rimraf-2.6.2.tgz",
					"integrity": "sha512-lreewLK/BlghmxtfH36YYVg1i8IAce4TI7oao75I1g245+6BctqTVQiBP3YUJ9C6DQOXJmkYR9X9fCLtCOJc5w=="
				}
			}
		},
		"karma-chrome-launcher": {
			"version": "2.1.1",
			"resolved": "https://registry.npmjs.org/karma-chrome-launcher/-/karma-chrome-launcher-2.1.1.tgz",
			"integrity": "sha1-IWh5xorATY1RQOmWGboEtZr9Rs8=",
			"dev": true
		},
		"karma-cli": {
			"version": "1.0.1",
			"resolved": "https://registry.npmjs.org/karma-cli/-/karma-cli-1.0.1.tgz",
			"integrity": "sha1-rmw8WKMTodALRRZMRVubhs4X+WA=",
			"dev": true
		},
		"karma-coverage-istanbul-reporter": {
			"version": "1.3.0",
			"resolved": "https://registry.npmjs.org/karma-coverage-istanbul-reporter/-/karma-coverage-istanbul-reporter-1.3.0.tgz",
			"integrity": "sha1-0ULNnFVzHJ42Pvc3To7xoxvr+ts=",
			"dev": true
		},
		"karma-firefox-launcher": {
			"version": "1.1.0",
			"resolved": "https://registry.npmjs.org/karma-firefox-launcher/-/karma-firefox-launcher-1.1.0.tgz",
			"integrity": "sha512-LbZ5/XlIXLeQ3cqnCbYLn+rOVhuMIK9aZwlP6eOLGzWdo1UVp7t6CN3DP4SafiRLjexKwHeKHDm0c38Mtd3VxA==",
			"dev": true
		},
		"karma-jasmine": {
			"version": "1.1.1",
			"resolved": "https://registry.npmjs.org/karma-jasmine/-/karma-jasmine-1.1.1.tgz",
			"integrity": "sha1-b+hA51oRYAydkehLM8RY4cRqNSk=",
			"dev": true
		},
		"karma-jasmine-html-reporter": {
			"version": "0.2.2",
			"resolved": "https://registry.npmjs.org/karma-jasmine-html-reporter/-/karma-jasmine-html-reporter-0.2.2.tgz",
			"integrity": "sha1-SKjl7xiAdhfuK14zwRlMNbQ5Ukw=",
			"dev": true
		},
		"karma-junit-reporter": {
			"version": "1.2.0",
			"resolved": "https://registry.npmjs.org/karma-junit-reporter/-/karma-junit-reporter-1.2.0.tgz",
			"integrity": "sha1-T5xAzt+xo5X4rvh2q/lhiZF8Y5Y=",
			"dev": true
		},
		"karma-phantomjs-launcher": {
			"version": "1.0.4",
			"resolved": "https://registry.npmjs.org/karma-phantomjs-launcher/-/karma-phantomjs-launcher-1.0.4.tgz",
			"integrity": "sha1-0jyjSAG9qYY60xjju0vUBisTrNI=",
			"dev": true
		},
		"karma-typescript": {
			"version": "3.0.8",
			"resolved": "https://registry.npmjs.org/karma-typescript/-/karma-typescript-3.0.8.tgz",
			"integrity": "sha1-oayGsA2nRNwcA83HgXopgucvEXE=",
			"dev": true,
			"dependencies": {
				"amdefine": {
					"version": "1.0.0",
					"resolved": "https://registry.npmjs.org/amdefine/-/amdefine-1.0.0.tgz",
					"integrity": "sha1-/RdHRwDLXMnCtwnwvp0jzjwZjDM="
				},
				"log4js": {
					"version": "1.1.1",
					"resolved": "https://registry.npmjs.org/log4js/-/log4js-1.1.1.tgz",
					"integrity": "sha1-wh0px2BAieTyVYM+f5SzRh3h/0M="
				},
				"tmp": {
					"version": "0.0.29",
					"resolved": "https://registry.npmjs.org/tmp/-/tmp-0.0.29.tgz",
					"integrity": "sha1-8lEl/w3Z2jzLDC3Tce4SiLuRKMA="
				}
			}
		},
		"karma-typescript-angular2-transform": {
			"version": "1.0.2",
			"resolved": "https://registry.npmjs.org/karma-typescript-angular2-transform/-/karma-typescript-angular2-transform-1.0.2.tgz",
			"integrity": "sha1-hAp1DjWB8sQZRtyZvnqWAyehzMs=",
			"dev": true,
			"dependencies": {
				"log4js": {
					"version": "1.1.1",
					"resolved": "https://registry.npmjs.org/log4js/-/log4js-1.1.1.tgz",
					"integrity": "sha1-wh0px2BAieTyVYM+f5SzRh3h/0M="
				}
			}
		},
		"karma-typescript-es6-transform": {
			"version": "1.0.2",
			"resolved": "https://registry.npmjs.org/karma-typescript-es6-transform/-/karma-typescript-es6-transform-1.0.2.tgz",
			"integrity": "sha1-uIuXd+dFDPDaySsBRt0u36mMbTA=",
			"dev": true,
			"dependencies": {
				"log4js": {
					"version": "1.1.1",
					"resolved": "https://registry.npmjs.org/log4js/-/log4js-1.1.1.tgz",
					"integrity": "sha1-wh0px2BAieTyVYM+f5SzRh3h/0M="
				}
			}
		},
		"lodash": {
			"version": "4.17.21",
			"resolved": "https://registry.npmjs.org/lodash/-/lodash-4.17.21.tgz",
			"integrity": "sha512-v2kDEe57lecTulaDIuNTPy3Ry4gLGJ6Z1O3vE1krgXZNrsQ+LFTGHVxVjcXPs17LhbZVGedAJv8XZ1tvj5FvSg==",
			"dev": true
		},
		"ncp": {
			"version": "2.0.0",
			"resolved": "https://registry.npmjs.org/ncp/-/ncp-2.0.0.tgz",
			"integrity": "sha1-GVoh1sRuNh0vsSgbo4uR6d9727M=",
			"dev": true
		},
		"ngrx-json-api": {
			"version": "2.2.0",
			"resolved": "https://registry.npmjs.org/ngrx-json-api/-/ngrx-json-api-2.2.0.tgz",
			"integrity": "sha512-XOOXPfbsqo2R2vhd57f29RhxmfQYE4l0X4sT5TOAO5g37TAZ8AQsXRbRV9Mh3UMi/kh9WcDYhbRDC0ykBHsPyQ==",
			"dev": true
		},
		"primeng": {
			"version": "5.0.2",
			"resolved": "https://registry.npmjs.org/primeng/-/primeng-5.0.2.tgz",
			"integrity": "sha1-BcSkUC79TDvF1QaqAa6Osw+XZNs=",
			"dev": true
		},
		"rimraf": {
			"version": "2.5.4",
			"resolved": "https://registry.npmjs.org/rimraf/-/rimraf-2.5.4.tgz",
			"integrity": "sha1-loAAk8vxoMhr2VtGJUZ1NcKd+gQ=",
			"dev": true
		},
		"rxjs": {
			"version": "5.3.0",
			"resolved": "https://registry.npmjs.org/rxjs/-/rxjs-5.3.0.tgz",
			"integrity": "sha1-2IzL3UavKQy9uX1dgFXlJFP6vi0=",
			"dev": true
		},
		"tslib": {
			"version": "2.4.0",
			"resolved": "https://registry.npmjs.org/tslib/-/tslib-2.4.0.tgz",
			"integrity": "sha512-d6xOpEDfsi2CZVlPQzGeux8XMwLT9hssAsaPYExaQMuYskwb+x1x7J371tWlbBdWHroy99KnVB6qIkUbs5X3UQ==",
			"dev": true
		},
		"tslint": {
			"version": "4.4.2",
			"resolved": "https://registry.npmjs.org/tslint/-/tslint-4.4.2.tgz",
			"integrity": "sha1-sUy3muA5xyRxq0wmJyJrlA3aGcY=",
			"dev": true
		},
		"typescript": {
			"version": "2.6.2",
			"resolved": "https://registry.npmjs.org/typescript/-/typescript-2.6.2.tgz",
			"integrity": "sha1-PFtv1/beCRQmkCfwPAlGdY92c6Q=",
			"dev": true
		},
		"zone.js": {
			"version": "0.8.8",
			"resolved": "https://registry.npmjs.org/zone.js/-/zone.js-0.8.8.tgz",
			"integrity": "sha1-NU8Cu3JBr4NLuDsxAwiomtAS068=",
			"dev": true
		}
	}
}
