{
	"name": "@crnk/ngrx",
	"version": "0.0.0",
	"lockfileVersion": 1,
	"dependencies": {
		"@angular/animations": {
			"version": "4.2.6",
			"resolved": "http://adnexus.zh.adnovum.ch:8082/repository/npmjs-group/@angular/animations/-/animations-4.2.6.tgz",
			"integrity": "sha1-nZyAoRmwwDaTy9I7uvcosVMf/8c=",
			"dev": true
		},
		"@angular/common": {
			"version": "4.2.6",
			"resolved": "http://adnexus.zh.adnovum.ch:8082/repository/npmjs-group/@angular/common/-/common-4.2.6.tgz",
			"integrity": "sha1-IQrOS9JON1+LQbpS/rNLGKiH1do=",
			"dev": true
		},
		"@angular/compiler": {
			"version": "4.2.6",
			"resolved": "http://adnexus.zh.adnovum.ch:8082/repository/npmjs-group/@angular/compiler/-/compiler-4.2.6.tgz",
			"integrity": "sha1-ZndW1JXKDUXSBhJooQ1Sr4Ofr/Q=",
			"dev": true
		},
		"@angular/compiler-cli": {
			"version": "4.2.6",
			"resolved": "http://adnexus.zh.adnovum.ch:8082/repository/npmjs-group/@angular/compiler-cli/-/compiler-cli-4.2.6.tgz",
			"integrity": "sha1-iiE1Ipnz69Hj8XWBBUFkVmyjBr4=",
			"dev": true
		},
		"@angular/core": {
			"version": "4.2.6",
			"resolved": "http://adnexus.zh.adnovum.ch:8082/repository/npmjs-group/@angular/core/-/core-4.2.6.tgz",
			"integrity": "sha1-DByP8BV/B29KfAtyHKFCPxu+Fk4=",
			"dev": true
		},
		"@angular/forms": {
			"version": "4.2.6",
			"resolved": "http://adnexus.zh.adnovum.ch:8082/repository/npmjs-group/@angular/forms/-/forms-4.2.6.tgz",
			"integrity": "sha1-nTI5lgjkYDu/GXQXqluU6ApGfrA=",
			"dev": true
		},
		"@angular/http": {
			"version": "4.2.6",
			"resolved": "http://adnexus.zh.adnovum.ch:8082/repository/npmjs-group/@angular/http/-/http-4.2.6.tgz",
			"integrity": "sha1-SZ4roLvB89cbdt6+wDTJWMrxE04=",
			"dev": true
		},
		"@angular/platform-browser": {
			"version": "4.2.6",
			"resolved": "http://adnexus.zh.adnovum.ch:8082/repository/npmjs-group/@angular/platform-browser/-/platform-browser-4.2.6.tgz",
			"integrity": "sha1-oTH/WSIl/mSWvKLJr/YSpNvd9Dc=",
			"dev": true
		},
		"@angular/platform-browser-dynamic": {
			"version": "4.2.6",
			"resolved": "http://adnexus.zh.adnovum.ch:8082/repository/npmjs-group/@angular/platform-browser-dynamic/-/platform-browser-dynamic-4.2.6.tgz",
			"integrity": "sha1-TmyK0s1c/BeIBBf3fyo0E895HCY=",
			"dev": true
		},
		"@angular/platform-server": {
			"version": "4.2.6",
			"resolved": "http://adnexus.zh.adnovum.ch:8082/repository/npmjs-group/@angular/platform-server/-/platform-server-4.2.6.tgz",
			"integrity": "sha1-ZuA/2FVIb+BY4j03hgYdkUYpmNs=",
			"dev": true
		},
		"@angular/router": {
			"version": "4.2.6",
			"resolved": "http://adnexus.zh.adnovum.ch:8082/repository/npmjs-group/@angular/router/-/router-4.2.6.tgz",
			"integrity": "sha1-ppGdm2HEX/wV++5ZM5jj/VMtq0Y=",
			"dev": true
		},
		"@angular/tsc-wrapped": {
			"version": "4.2.6",
			"resolved": "http://adnexus.zh.adnovum.ch:8082/repository/npmjs-group/@angular/tsc-wrapped/-/tsc-wrapped-4.2.6.tgz",
			"integrity": "sha1-YORLWzjzNA7hTFSlinoHEzxk6Jg=",
			"dev": true
		},
		"@ngrx/core": {
			"version": "1.2.0",
			"resolved": "http://adnexus.zh.adnovum.ch:8082/repository/npmjs-group/@ngrx/core/-/core-1.2.0.tgz",
			"integrity": "sha1-iCtGq6+i4ObYh8txobLC+j5tDcY=",
			"dev": true
		},
		"@ngrx/effects": {
			"version": "2.0.3",
			"resolved": "http://adnexus.zh.adnovum.ch:8082/repository/npmjs-group/@ngrx/effects/-/effects-2.0.3.tgz",
			"integrity": "sha1-5UzjQIBt2RqBgmeW8T4kRq7q+3c=",
			"dev": true
		},
		"@ngrx/router-store": {
			"version": "1.2.6",
			"resolved": "http://adnexus.zh.adnovum.ch:8082/repository/npmjs-group/@ngrx/router-store/-/router-store-1.2.6.tgz",
			"integrity": "sha1-ousMpRXps2d4HxAwJQ3WS7c8CGs=",
			"dev": true
		},
		"@ngrx/store": {
			"version": "2.2.2",
			"resolved": "http://adnexus.zh.adnovum.ch:8082/repository/npmjs-group/@ngrx/store/-/store-2.2.2.tgz",
			"integrity": "sha1-oAMFpkUgMqM4WIahHOUp3OLa5ls=",
			"dev": true
		},
		"@types/lodash": {
			"version": "4.14.61",
			"resolved": "http://adnexus.zh.adnovum.ch:8082/repository/npmjs-group/@types/lodash/-/lodash-4.14.61.tgz",
			"integrity": "sha1-BRjBCAWx+dIfmPgrExGsKm7HWJI=",
			"dev": true
		},
		"@types/node": {
			"version": "6.0.41",
			"resolved": "http://adnexus.zh.adnovum.ch:8082/repository/npmjs-group/@types/node/-/node-6.0.41.tgz",
			"integrity": "sha1-V4z1Oq7GWIe8rxZ5L4ciky6P+Oo=",
			"dev": true
		},
		"@types/source-map": {
			"version": "0.1.26",
			"resolved": "http://adnexus.zh.adnovum.ch:8082/repository/npmjs-group/@types/source-map/-/source-map-0.1.26.tgz",
			"integrity": "sha1-6Ugk/wyMkR4zq/xUbg1Zu8qKvS4=",
			"dev": true
		},
		"balanced-match": {
			"version": "1.0.0",
			"resolved": "http://adnexus.zh.adnovum.ch:8082/repository/npmjs-group/balanced-match/-/balanced-match-1.0.0.tgz",
			"integrity": "sha1-ibTRmasr7kneFk6gK4nORi1xt2c=",
			"dev": true
		},
		"brace-expansion": {
			"version": "1.1.8",
			"resolved": "http://adnexus.zh.adnovum.ch:8082/repository/npmjs-group/brace-expansion/-/brace-expansion-1.1.8.tgz",
			"integrity": "sha1-wHshHHyVLsH479Uad+8NHTmQopI=",
			"dev": true
		},
		"concat-map": {
			"version": "0.0.1",
			"resolved": "http://adnexus.zh.adnovum.ch:8082/repository/npmjs-group/concat-map/-/concat-map-0.0.1.tgz",
			"integrity": "sha1-2Klr13/Wjfd5OnMDajug1UBdR3s=",
			"dev": true
		},
		"fs.realpath": {
			"version": "1.0.0",
			"resolved": "http://adnexus.zh.adnovum.ch:8082/repository/npmjs-group/fs.realpath/-/fs.realpath-1.0.0.tgz",
			"integrity": "sha1-FQStJSMVjKpA20onh8sBQRmU6k8=",
			"dev": true
		},
		"glob": {
			"version": "7.1.2",
			"resolved": "http://adnexus.zh.adnovum.ch:8082/repository/npmjs-group/glob/-/glob-7.1.2.tgz",
			"integrity": "sha512-MJTUg1kjuLeQCJ+ccE4Vpa6kKVXkPYJ2mOCQyUuKLcLQsdrMCpBPUi8qVE6+YuaJkozeA9NusTAw3hLr8Xe5EQ==",
			"dev": true
		},
		"inflight": {
			"version": "1.0.6",
			"resolved": "http://adnexus.zh.adnovum.ch:8082/repository/npmjs-group/inflight/-/inflight-1.0.6.tgz",
			"integrity": "sha1-Sb1jMdfQLQwJvJEKEHW6gWW1bfk=",
			"dev": true
		},
		"inherits": {
			"version": "2.0.3",
			"resolved": "http://adnexus.zh.adnovum.ch:8082/repository/npmjs-group/inherits/-/inherits-2.0.3.tgz",
			"integrity": "sha1-Yzwsg+PaQqUC9SRmAiSA9CCCYd4=",
			"dev": true
		},
		"lodash": {
			"version": "4.17.4",
			"resolved": "http://adnexus.zh.adnovum.ch:8082/repository/npmjs-group/lodash/-/lodash-4.17.4.tgz",
			"integrity": "sha1-eCA6TRwyiuHYbcpkYONptX9AVa4=",
			"dev": true
		},
		"minimatch": {
			"version": "3.0.4",
			"resolved": "http://adnexus.zh.adnovum.ch:8082/repository/npmjs-group/minimatch/-/minimatch-3.0.4.tgz",
			"integrity": "sha512-yJHVQEhyqPLUTgt9B83PXu6W3rx4MvvHvSUvToogpwoGDOUQ+yDrR0HRot+yOCdCO7u4hX3pWft6kWBBcqh0UA==",
			"dev": true
		},
		"minimist": {
			"version": "1.2.0",
			"resolved": "http://adnexus.zh.adnovum.ch:8082/repository/npmjs-group/minimist/-/minimist-1.2.0.tgz",
			"integrity": "sha1-o1AIsg9BOD7sH7kU9M1d95omQoQ=",
			"dev": true
		},
		"mkdirp": {
			"version": "0.5.1",
			"resolved": "http://adnexus.zh.adnovum.ch:8082/repository/npmjs-group/mkdirp/-/mkdirp-0.5.1.tgz",
			"integrity": "sha1-MAV0OOrGz3+MR2fzhkjWaX11yQM=",
			"dev": true,
			"dependencies": {
				"minimist": {
					"version": "0.0.8",
					"resolved": "http://adnexus.zh.adnovum.ch:8082/repository/npmjs-group/minimist/-/minimist-0.0.8.tgz",
					"integrity": "sha1-hX/Kv8M5fSYluCKCYuhqp6ARsF0=",
					"dev": true
				}
			}
		},
		"ncp": {
			"version": "2.0.0",
			"resolved": "http://adnexus.zh.adnovum.ch:8082/repository/npmjs-group/ncp/-/ncp-2.0.0.tgz",
			"integrity": "sha1-GVoh1sRuNh0vsSgbo4uR6d9727M=",
			"dev": true
		},
		"ngrx-json-api": {
			"version": "1.1.1-adn.7",
			"resolved": "http://adnexus.zh.adnovum.ch:8082/repository/npmjs-group/ngrx-json-api/-/ngrx-json-api-1.1.1-adn.7.tgz",
			"integrity": "sha512-v744PR+jK3JCluWggDNEKtiqHNElaPZrgZuixyRhV8NW1Bycyk7SRlWTtor7wT/1kY/r378tDMFhYAkn59WmwA==",
			"dev": true
		},
		"once": {
			"version": "1.4.0",
			"resolved": "http://adnexus.zh.adnovum.ch:8082/repository/npmjs-group/once/-/once-1.4.0.tgz",
			"integrity": "sha1-WDsap3WWHUsROsF9nFC6753Xa9E=",
			"dev": true
		},
		"parse5": {
			"version": "3.0.2",
			"resolved": "http://adnexus.zh.adnovum.ch:8082/repository/npmjs-group/parse5/-/parse5-3.0.2.tgz",
			"integrity": "sha1-Be/1fw70V3+xRKefi5qWemzERRA=",
			"dev": true,
			"dependencies": {
				"@types/node": {
					"version": "6.0.85",
					"resolved": "http://adnexus.zh.adnovum.ch:8082/repository/npmjs-group/@types/node/-/node-6.0.85.tgz",
					"integrity": "sha512-6qLZpfQFO/g5Ns2e7RsW6brk0Q6Xzwiw7kVVU/XiQNOiJXSojhX76GP457PBYIsNMH2WfcGgcnZB4awFDHrwpA==",
					"dev": true
				}
			}
		},
		"path-is-absolute": {
			"version": "1.0.1",
			"resolved": "http://adnexus.zh.adnovum.ch:8082/repository/npmjs-group/path-is-absolute/-/path-is-absolute-1.0.1.tgz",
			"integrity": "sha1-F0uSaHNVNP+8es5r9TpanhtcX18=",
			"dev": true
		},
		"primeng": {
			"version": "4.0.2",
			"resolved": "http://adnexus.zh.adnovum.ch:8082/repository/npmjs-group/primeng/-/primeng-4.0.2.tgz",
			"integrity": "sha1-u3IpiyAW4TzTuGpJmumdEZofoHI=",
			"dev": true
		},
		"reflect-metadata": {
			"version": "0.1.10",
			"resolved": "http://adnexus.zh.adnovum.ch:8082/repository/npmjs-group/reflect-metadata/-/reflect-metadata-0.1.10.tgz",
			"integrity": "sha1-tPg3BEFqytiZiMmxVjXUfgO5NEo=",
			"dev": true
		},
		"rimraf": {
			"version": "2.5.4",
			"resolved": "http://adnexus.zh.adnovum.ch:8082/repository/npmjs-group/rimraf/-/rimraf-2.5.4.tgz",
			"integrity": "sha1-loAAk8vxoMhr2VtGJUZ1NcKd+gQ=",
			"dev": true
		},
		"rxjs": {
			"version": "5.2.0",
			"resolved": "http://adnexus.zh.adnovum.ch:8082/repository/npmjs-group/rxjs/-/rxjs-5.2.0.tgz",
			"integrity": "sha1-21N96HZ8BfpzchWHop4AhTB9MYs=",
			"dev": true
		},
		"source-map": {
			"version": "0.5.6",
			"resolved": "http://adnexus.zh.adnovum.ch:8082/repository/npmjs-group/source-map/-/source-map-0.5.6.tgz",
			"integrity": "sha1-dc449SvwczxafwwRjYEzSiu19BI=",
			"dev": true
		},
		"source-map-support": {
			"version": "0.4.15",
			"resolved": "http://adnexus.zh.adnovum.ch:8082/repository/npmjs-group/source-map-support/-/source-map-support-0.4.15.tgz",
			"integrity": "sha1-AyAt9lwG0r2MfsI2KhkwVv7407E=",
			"dev": true
		},
		"symbol-observable": {
			"version": "1.0.4",
			"resolved": "http://adnexus.zh.adnovum.ch:8082/repository/npmjs-group/symbol-observable/-/symbol-observable-1.0.4.tgz",
			"integrity": "sha1-Kb9hXUqnEhvdiYsi1LP5vE4qoD0=",
			"dev": true
		},
		"tsickle": {
			"version": "0.21.6",
			"resolved": "http://adnexus.zh.adnovum.ch:8082/repository/npmjs-group/tsickle/-/tsickle-0.21.6.tgz",
			"integrity": "sha1-U7Abl5xcE/2xOvs/uVgXflmRWI0=",
			"dev": true
		},
		"tslib": {
			"version": "1.7.1",
			"resolved": "http://adnexus.zh.adnovum.ch:8082/repository/npmjs-group/tslib/-/tslib-1.7.1.tgz",
			"integrity": "sha1-vIAEFkaRkjp5/oN4u+s9ogF1OOw=",
			"dev": true
		},
		"typescript": {
			"version": "2.2.2",
			"resolved": "http://adnexus.zh.adnovum.ch:8082/repository/npmjs-group/typescript/-/typescript-2.2.2.tgz",
			"integrity": "sha1-YGAiUIR5tV/6NotY/uljoD39eww=",
			"dev": true
		},
		"wrappy": {
			"version": "1.0.2",
			"resolved": "http://adnexus.zh.adnovum.ch:8082/repository/npmjs-group/wrappy/-/wrappy-1.0.2.tgz",
			"integrity": "sha1-tSQ9jz7BqjXxNkYFvA0QNuMKtp8=",
			"dev": true
		},
		"xhr2": {
			"version": "0.1.4",
			"resolved": "http://adnexus.zh.adnovum.ch:8082/repository/npmjs-group/xhr2/-/xhr2-0.1.4.tgz",
			"integrity": "sha1-f4dliEdxbbUCYyOBL4GMras4el8=",
			"dev": true
		},
		"zone.js": {
			"version": "0.8.4",
			"resolved": "http://adnexus.zh.adnovum.ch:8082/repository/npmjs-group/zone.js/-/zone.js-0.8.4.tgz",
			"integrity": "sha1-zECuWhyHlgHF67oglrXIDwxMNgI=",
			"dev": true
		}
	}
}
